
Microsoft Visual Studio Solution File, Format Version 12.00
# Visual Studio Version 16
VisualStudioVersion = 16.0.29215.179
MinimumVisualStudioVersion = 10.0.40219.1
Project("{FAE04EC0-301F-11D3-BF4B-00C04F79EFBC}") = "XCamera.Android", "XCamera\XCamera.Android\XCamera.Android.csproj", "{2AD97D9D-5E3B-492E-8488-71D85C3FAAE9}"
EndProject
Project("{FAE04EC0-301F-11D3-BF4B-00C04F79EFBC}") = "XCamera.iOS", "XCamera\XCamera.iOS\XCamera.iOS.csproj", "{C2E76BC3-D46C-4466-A5B1-17554542E3D3}"
EndProject
Project("{FAE04EC0-301F-11D3-BF4B-00C04F79EFBC}") = "XCamera.UWP", "XCamera\XCamera.UWP\XCamera.UWP.csproj", "{9C525FA1-D429-4BCC-AC9C-D455161610F1}"
EndProject
Project("{9A19103F-16F7-4668-BE54-9A1E7A4F7556}") = "XCamera", "XCamera\XCamera\XCamera.csproj", "{A14012C2-8D98-4DDC-8BD5-EDB2E746BFAF}"
EndProject
Project("{9A19103F-16F7-4668-BE54-9A1E7A4F7556}") = "XCamera.Util", "XCamera.Util\XCamera.Util.csproj", "{614C419F-3F52-4156-9467-BADEF827B64F}"
EndProject
Project("{2150E333-8FDC-42A3-9474-1A3956D46DE8}") = "Solution Items", "Solution Items", "{DE7B1A1B-693C-416A-ABB2-D8C1110B5CDF}"
	ProjectSection(SolutionItems) = preProject
		README.md = README.md
	EndProjectSection
EndProject
Global
	GlobalSection(SolutionConfigurationPlatforms) = preSolution
		Ad-Hoc|Any CPU = Ad-Hoc|Any CPU
		Ad-Hoc|ARM = Ad-Hoc|ARM
		Ad-Hoc|iPhone = Ad-Hoc|iPhone
		Ad-Hoc|iPhoneSimulator = Ad-Hoc|iPhoneSimulator
		Ad-Hoc|x64 = Ad-Hoc|x64
		Ad-Hoc|x86 = Ad-Hoc|x86
		AppStore|Any CPU = AppStore|Any CPU
		AppStore|ARM = AppStore|ARM
		AppStore|iPhone = AppStore|iPhone
		AppStore|iPhoneSimulator = AppStore|iPhoneSimulator
		AppStore|x64 = AppStore|x64
		AppStore|x86 = AppStore|x86
		Debug|Any CPU = Debug|Any CPU
		Debug|ARM = Debug|ARM
		Debug|iPhone = Debug|iPhone
		Debug|iPhoneSimulator = Debug|iPhoneSimulator
		Debug|x64 = Debug|x64
		Debug|x86 = Debug|x86
		Release|Any CPU = Release|Any CPU
		Release|ARM = Release|ARM
		Release|iPhone = Release|iPhone
		Release|iPhoneSimulator = Release|iPhoneSimulator
		Release|x64 = Release|x64
		Release|x86 = Release|x86
	EndGlobalSection
	GlobalSection(ProjectConfigurationPlatforms) = postSolution
		{2AD97D9D-5E3B-492E-8488-71D85C3FAAE9}.Ad-Hoc|Any CPU.ActiveCfg = Release|Any CPU
		{2AD97D9D-5E3B-492E-8488-71D85C3FAAE9}.Ad-Hoc|Any CPU.Build.0 = Release|Any CPU
		{2AD97D9D-5E3B-492E-8488-71D85C3FAAE9}.Ad-Hoc|Any CPU.Deploy.0 = Release|Any CPU
		{2AD97D9D-5E3B-492E-8488-71D85C3FAAE9}.Ad-Hoc|ARM.ActiveCfg = Release|Any CPU
		{2AD97D9D-5E3B-492E-8488-71D85C3FAAE9}.Ad-Hoc|ARM.Build.0 = Release|Any CPU
		{2AD97D9D-5E3B-492E-8488-71D85C3FAAE9}.Ad-Hoc|ARM.Deploy.0 = Release|Any CPU
		{2AD97D9D-5E3B-492E-8488-71D85C3FAAE9}.Ad-Hoc|iPhone.ActiveCfg = Release|Any CPU
		{2AD97D9D-5E3B-492E-8488-71D85C3FAAE9}.Ad-Hoc|iPhone.Build.0 = Release|Any CPU
		{2AD97D9D-5E3B-492E-8488-71D85C3FAAE9}.Ad-Hoc|iPhone.Deploy.0 = Release|Any CPU
		{2AD97D9D-5E3B-492E-8488-71D85C3FAAE9}.Ad-Hoc|iPhoneSimulator.ActiveCfg = Release|Any CPU
		{2AD97D9D-5E3B-492E-8488-71D85C3FAAE9}.Ad-Hoc|iPhoneSimulator.Build.0 = Release|Any CPU
		{2AD97D9D-5E3B-492E-8488-71D85C3FAAE9}.Ad-Hoc|iPhoneSimulator.Deploy.0 = Release|Any CPU
		{2AD97D9D-5E3B-492E-8488-71D85C3FAAE9}.Ad-Hoc|x64.ActiveCfg = Release|Any CPU
		{2AD97D9D-5E3B-492E-8488-71D85C3FAAE9}.Ad-Hoc|x64.Build.0 = Release|Any CPU
		{2AD97D9D-5E3B-492E-8488-71D85C3FAAE9}.Ad-Hoc|x64.Deploy.0 = Release|Any CPU
		{2AD97D9D-5E3B-492E-8488-71D85C3FAAE9}.Ad-Hoc|x86.ActiveCfg = Release|Any CPU
		{2AD97D9D-5E3B-492E-8488-71D85C3FAAE9}.Ad-Hoc|x86.Build.0 = Release|Any CPU
		{2AD97D9D-5E3B-492E-8488-71D85C3FAAE9}.Ad-Hoc|x86.Deploy.0 = Release|Any CPU
		{2AD97D9D-5E3B-492E-8488-71D85C3FAAE9}.AppStore|Any CPU.ActiveCfg = Release|Any CPU
		{2AD97D9D-5E3B-492E-8488-71D85C3FAAE9}.AppStore|Any CPU.Build.0 = Release|Any CPU
		{2AD97D9D-5E3B-492E-8488-71D85C3FAAE9}.AppStore|Any CPU.Deploy.0 = Release|Any CPU
		{2AD97D9D-5E3B-492E-8488-71D85C3FAAE9}.AppStore|ARM.ActiveCfg = Release|Any CPU
		{2AD97D9D-5E3B-492E-8488-71D85C3FAAE9}.AppStore|ARM.Build.0 = Release|Any CPU
		{2AD97D9D-5E3B-492E-8488-71D85C3FAAE9}.AppStore|ARM.Deploy.0 = Release|Any CPU
		{2AD97D9D-5E3B-492E-8488-71D85C3FAAE9}.AppStore|iPhone.ActiveCfg = Release|Any CPU
		{2AD97D9D-5E3B-492E-8488-71D85C3FAAE9}.AppStore|iPhone.Build.0 = Release|Any CPU
		{2AD97D9D-5E3B-492E-8488-71D85C3FAAE9}.AppStore|iPhone.Deploy.0 = Release|Any CPU
		{2AD97D9D-5E3B-492E-8488-71D85C3FAAE9}.AppStore|iPhoneSimulator.ActiveCfg = Release|Any CPU
		{2AD97D9D-5E3B-492E-8488-71D85C3FAAE9}.AppStore|iPhoneSimulator.Build.0 = Release|Any CPU
		{2AD97D9D-5E3B-492E-8488-71D85C3FAAE9}.AppStore|iPhoneSimulator.Deploy.0 = Release|Any CPU
		{2AD97D9D-5E3B-492E-8488-71D85C3FAAE9}.AppStore|x64.ActiveCfg = Release|Any CPU
		{2AD97D9D-5E3B-492E-8488-71D85C3FAAE9}.AppStore|x64.Build.0 = Release|Any CPU
		{2AD97D9D-5E3B-492E-8488-71D85C3FAAE9}.AppStore|x64.Deploy.0 = Release|Any CPU
		{2AD97D9D-5E3B-492E-8488-71D85C3FAAE9}.AppStore|x86.ActiveCfg = Release|Any CPU
		{2AD97D9D-5E3B-492E-8488-71D85C3FAAE9}.AppStore|x86.Build.0 = Release|Any CPU
		{2AD97D9D-5E3B-492E-8488-71D85C3FAAE9}.AppStore|x86.Deploy.0 = Release|Any CPU
		{2AD97D9D-5E3B-492E-8488-71D85C3FAAE9}.Debug|Any CPU.ActiveCfg = Debug|Any CPU
		{2AD97D9D-5E3B-492E-8488-71D85C3FAAE9}.Debug|Any CPU.Build.0 = Debug|Any CPU
		{2AD97D9D-5E3B-492E-8488-71D85C3FAAE9}.Debug|Any CPU.Deploy.0 = Debug|Any CPU
		{2AD97D9D-5E3B-492E-8488-71D85C3FAAE9}.Debug|ARM.ActiveCfg = Debug|Any CPU
		{2AD97D9D-5E3B-492E-8488-71D85C3FAAE9}.Debug|ARM.Build.0 = Debug|Any CPU
		{2AD97D9D-5E3B-492E-8488-71D85C3FAAE9}.Debug|ARM.Deploy.0 = Debug|Any CPU
		{2AD97D9D-5E3B-492E-8488-71D85C3FAAE9}.Debug|iPhone.ActiveCfg = Debug|Any CPU
		{2AD97D9D-5E3B-492E-8488-71D85C3FAAE9}.Debug|iPhone.Build.0 = Debug|Any CPU
		{2AD97D9D-5E3B-492E-8488-71D85C3FAAE9}.Debug|iPhone.Deploy.0 = Debug|Any CPU
		{2AD97D9D-5E3B-492E-8488-71D85C3FAAE9}.Debug|iPhoneSimulator.ActiveCfg = Debug|Any CPU
		{2AD97D9D-5E3B-492E-8488-71D85C3FAAE9}.Debug|iPhoneSimulator.Build.0 = Debug|Any CPU
		{2AD97D9D-5E3B-492E-8488-71D85C3FAAE9}.Debug|iPhoneSimulator.Deploy.0 = Debug|Any CPU
		{2AD97D9D-5E3B-492E-8488-71D85C3FAAE9}.Debug|x64.ActiveCfg = Debug|Any CPU
		{2AD97D9D-5E3B-492E-8488-71D85C3FAAE9}.Debug|x64.Build.0 = Debug|Any CPU
		{2AD97D9D-5E3B-492E-8488-71D85C3FAAE9}.Debug|x64.Deploy.0 = Debug|Any CPU
		{2AD97D9D-5E3B-492E-8488-71D85C3FAAE9}.Debug|x86.ActiveCfg = Debug|Any CPU
		{2AD97D9D-5E3B-492E-8488-71D85C3FAAE9}.Debug|x86.Build.0 = Debug|Any CPU
		{2AD97D9D-5E3B-492E-8488-71D85C3FAAE9}.Debug|x86.Deploy.0 = Debug|Any CPU
		{2AD97D9D-5E3B-492E-8488-71D85C3FAAE9}.Release|Any CPU.ActiveCfg = Release|Any CPU
		{2AD97D9D-5E3B-492E-8488-71D85C3FAAE9}.Release|Any CPU.Build.0 = Release|Any CPU
		{2AD97D9D-5E3B-492E-8488-71D85C3FAAE9}.Release|Any CPU.Deploy.0 = Release|Any CPU
		{2AD97D9D-5E3B-492E-8488-71D85C3FAAE9}.Release|ARM.ActiveCfg = Release|Any CPU
		{2AD97D9D-5E3B-492E-8488-71D85C3FAAE9}.Release|ARM.Build.0 = Release|Any CPU
		{2AD97D9D-5E3B-492E-8488-71D85C3FAAE9}.Release|ARM.Deploy.0 = Release|Any CPU
		{2AD97D9D-5E3B-492E-8488-71D85C3FAAE9}.Release|iPhone.ActiveCfg = Release|Any CPU
		{2AD97D9D-5E3B-492E-8488-71D85C3FAAE9}.Release|iPhone.Build.0 = Release|Any CPU
		{2AD97D9D-5E3B-492E-8488-71D85C3FAAE9}.Release|iPhone.Deploy.0 = Release|Any CPU
		{2AD97D9D-5E3B-492E-8488-71D85C3FAAE9}.Release|iPhoneSimulator.ActiveCfg = Release|Any CPU
		{2AD97D9D-5E3B-492E-8488-71D85C3FAAE9}.Release|iPhoneSimulator.Build.0 = Release|Any CPU
		{2AD97D9D-5E3B-492E-8488-71D85C3FAAE9}.Release|iPhoneSimulator.Deploy.0 = Release|Any CPU
		{2AD97D9D-5E3B-492E-8488-71D85C3FAAE9}.Release|x64.ActiveCfg = Release|Any CPU
		{2AD97D9D-5E3B-492E-8488-71D85C3FAAE9}.Release|x64.Build.0 = Release|Any CPU
		{2AD97D9D-5E3B-492E-8488-71D85C3FAAE9}.Release|x64.Deploy.0 = Release|Any CPU
		{2AD97D9D-5E3B-492E-8488-71D85C3FAAE9}.Release|x86.ActiveCfg = Release|Any CPU
		{2AD97D9D-5E3B-492E-8488-71D85C3FAAE9}.Release|x86.Build.0 = Release|Any CPU
		{2AD97D9D-5E3B-492E-8488-71D85C3FAAE9}.Release|x86.Deploy.0 = Release|Any CPU
		{C2E76BC3-D46C-4466-A5B1-17554542E3D3}.Ad-Hoc|Any CPU.ActiveCfg = Ad-Hoc|iPhone
		{C2E76BC3-D46C-4466-A5B1-17554542E3D3}.Ad-Hoc|Any CPU.Build.0 = Ad-Hoc|iPhone
		{C2E76BC3-D46C-4466-A5B1-17554542E3D3}.Ad-Hoc|Any CPU.Deploy.0 = Ad-Hoc|iPhone
		{C2E76BC3-D46C-4466-A5B1-17554542E3D3}.Ad-Hoc|ARM.ActiveCfg = Ad-Hoc|iPhone
		{C2E76BC3-D46C-4466-A5B1-17554542E3D3}.Ad-Hoc|ARM.Build.0 = Ad-Hoc|iPhone
		{C2E76BC3-D46C-4466-A5B1-17554542E3D3}.Ad-Hoc|ARM.Deploy.0 = Ad-Hoc|iPhone
		{C2E76BC3-D46C-4466-A5B1-17554542E3D3}.Ad-Hoc|iPhone.ActiveCfg = Ad-Hoc|iPhone
		{C2E76BC3-D46C-4466-A5B1-17554542E3D3}.Ad-Hoc|iPhone.Build.0 = Ad-Hoc|iPhone
		{C2E76BC3-D46C-4466-A5B1-17554542E3D3}.Ad-Hoc|iPhone.Deploy.0 = Ad-Hoc|iPhone
		{C2E76BC3-D46C-4466-A5B1-17554542E3D3}.Ad-Hoc|iPhoneSimulator.ActiveCfg = Ad-Hoc|iPhoneSimulator
		{C2E76BC3-D46C-4466-A5B1-17554542E3D3}.Ad-Hoc|iPhoneSimulator.Build.0 = Ad-Hoc|iPhoneSimulator
		{C2E76BC3-D46C-4466-A5B1-17554542E3D3}.Ad-Hoc|iPhoneSimulator.Deploy.0 = Ad-Hoc|iPhoneSimulator
		{C2E76BC3-D46C-4466-A5B1-17554542E3D3}.Ad-Hoc|x64.ActiveCfg = Ad-Hoc|iPhone
		{C2E76BC3-D46C-4466-A5B1-17554542E3D3}.Ad-Hoc|x64.Build.0 = Ad-Hoc|iPhone
		{C2E76BC3-D46C-4466-A5B1-17554542E3D3}.Ad-Hoc|x64.Deploy.0 = Ad-Hoc|iPhone
		{C2E76BC3-D46C-4466-A5B1-17554542E3D3}.Ad-Hoc|x86.ActiveCfg = Ad-Hoc|iPhone
		{C2E76BC3-D46C-4466-A5B1-17554542E3D3}.Ad-Hoc|x86.Build.0 = Ad-Hoc|iPhone
		{C2E76BC3-D46C-4466-A5B1-17554542E3D3}.Ad-Hoc|x86.Deploy.0 = Ad-Hoc|iPhone
		{C2E76BC3-D46C-4466-A5B1-17554542E3D3}.AppStore|Any CPU.ActiveCfg = AppStore|iPhone
		{C2E76BC3-D46C-4466-A5B1-17554542E3D3}.AppStore|Any CPU.Build.0 = AppStore|iPhone
		{C2E76BC3-D46C-4466-A5B1-17554542E3D3}.AppStore|Any CPU.Deploy.0 = AppStore|iPhone
		{C2E76BC3-D46C-4466-A5B1-17554542E3D3}.AppStore|ARM.ActiveCfg = AppStore|iPhone
		{C2E76BC3-D46C-4466-A5B1-17554542E3D3}.AppStore|ARM.Build.0 = AppStore|iPhone
		{C2E76BC3-D46C-4466-A5B1-17554542E3D3}.AppStore|ARM.Deploy.0 = AppStore|iPhone
		{C2E76BC3-D46C-4466-A5B1-17554542E3D3}.AppStore|iPhone.ActiveCfg = AppStore|iPhone
		{C2E76BC3-D46C-4466-A5B1-17554542E3D3}.AppStore|iPhone.Build.0 = AppStore|iPhone
		{C2E76BC3-D46C-4466-A5B1-17554542E3D3}.AppStore|iPhone.Deploy.0 = AppStore|iPhone
		{C2E76BC3-D46C-4466-A5B1-17554542E3D3}.AppStore|iPhoneSimulator.ActiveCfg = AppStore|iPhoneSimulator
		{C2E76BC3-D46C-4466-A5B1-17554542E3D3}.AppStore|iPhoneSimulator.Build.0 = AppStore|iPhoneSimulator
		{C2E76BC3-D46C-4466-A5B1-17554542E3D3}.AppStore|iPhoneSimulator.Deploy.0 = AppStore|iPhoneSimulator
		{C2E76BC3-D46C-4466-A5B1-17554542E3D3}.AppStore|x64.ActiveCfg = AppStore|iPhone
		{C2E76BC3-D46C-4466-A5B1-17554542E3D3}.AppStore|x64.Build.0 = AppStore|iPhone
		{C2E76BC3-D46C-4466-A5B1-17554542E3D3}.AppStore|x64.Deploy.0 = AppStore|iPhone
		{C2E76BC3-D46C-4466-A5B1-17554542E3D3}.AppStore|x86.ActiveCfg = AppStore|iPhone
		{C2E76BC3-D46C-4466-A5B1-17554542E3D3}.AppStore|x86.Build.0 = AppStore|iPhone
		{C2E76BC3-D46C-4466-A5B1-17554542E3D3}.AppStore|x86.Deploy.0 = AppStore|iPhone
		{C2E76BC3-D46C-4466-A5B1-17554542E3D3}.Debug|Any CPU.ActiveCfg = Debug|iPhoneSimulator
		{C2E76BC3-D46C-4466-A5B1-17554542E3D3}.Debug|Any CPU.Deploy.0 = Debug|iPhoneSimulator
		{C2E76BC3-D46C-4466-A5B1-17554542E3D3}.Debug|ARM.ActiveCfg = Debug|iPhone
		{C2E76BC3-D46C-4466-A5B1-17554542E3D3}.Debug|ARM.Build.0 = Debug|iPhone
		{C2E76BC3-D46C-4466-A5B1-17554542E3D3}.Debug|ARM.Deploy.0 = Debug|iPhone
		{C2E76BC3-D46C-4466-A5B1-17554542E3D3}.Debug|iPhone.ActiveCfg = Debug|iPhone
		{C2E76BC3-D46C-4466-A5B1-17554542E3D3}.Debug|iPhone.Build.0 = Debug|iPhone
		{C2E76BC3-D46C-4466-A5B1-17554542E3D3}.Debug|iPhone.Deploy.0 = Debug|iPhone
		{C2E76BC3-D46C-4466-A5B1-17554542E3D3}.Debug|iPhoneSimulator.ActiveCfg = Debug|iPhoneSimulator
		{C2E76BC3-D46C-4466-A5B1-17554542E3D3}.Debug|iPhoneSimulator.Build.0 = Debug|iPhoneSimulator
		{C2E76BC3-D46C-4466-A5B1-17554542E3D3}.Debug|iPhoneSimulator.Deploy.0 = Debug|iPhoneSimulator
		{C2E76BC3-D46C-4466-A5B1-17554542E3D3}.Debug|x64.ActiveCfg = Debug|iPhone
		{C2E76BC3-D46C-4466-A5B1-17554542E3D3}.Debug|x64.Build.0 = Debug|iPhone
		{C2E76BC3-D46C-4466-A5B1-17554542E3D3}.Debug|x64.Deploy.0 = Debug|iPhone
		{C2E76BC3-D46C-4466-A5B1-17554542E3D3}.Debug|x86.ActiveCfg = Debug|iPhone
		{C2E76BC3-D46C-4466-A5B1-17554542E3D3}.Debug|x86.Deploy.0 = Debug|iPhone
		{C2E76BC3-D46C-4466-A5B1-17554542E3D3}.Release|Any CPU.ActiveCfg = Release|iPhone
		{C2E76BC3-D46C-4466-A5B1-17554542E3D3}.Release|Any CPU.Build.0 = Release|iPhone
		{C2E76BC3-D46C-4466-A5B1-17554542E3D3}.Release|Any CPU.Deploy.0 = Release|iPhone
		{C2E76BC3-D46C-4466-A5B1-17554542E3D3}.Release|ARM.ActiveCfg = Release|iPhone
		{C2E76BC3-D46C-4466-A5B1-17554542E3D3}.Release|ARM.Build.0 = Release|iPhone
		{C2E76BC3-D46C-4466-A5B1-17554542E3D3}.Release|ARM.Deploy.0 = Release|iPhone
		{C2E76BC3-D46C-4466-A5B1-17554542E3D3}.Release|iPhone.ActiveCfg = Release|iPhone
		{C2E76BC3-D46C-4466-A5B1-17554542E3D3}.Release|iPhone.Build.0 = Release|iPhone
		{C2E76BC3-D46C-4466-A5B1-17554542E3D3}.Release|iPhone.Deploy.0 = Release|iPhone
		{C2E76BC3-D46C-4466-A5B1-17554542E3D3}.Release|iPhoneSimulator.ActiveCfg = Release|iPhoneSimulator
		{C2E76BC3-D46C-4466-A5B1-17554542E3D3}.Release|iPhoneSimulator.Build.0 = Release|iPhoneSimulator
		{C2E76BC3-D46C-4466-A5B1-17554542E3D3}.Release|iPhoneSimulator.Deploy.0 = Release|iPhoneSimulator
		{C2E76BC3-D46C-4466-A5B1-17554542E3D3}.Release|x64.ActiveCfg = Release|iPhone
		{C2E76BC3-D46C-4466-A5B1-17554542E3D3}.Release|x64.Build.0 = Release|iPhone
		{C2E76BC3-D46C-4466-A5B1-17554542E3D3}.Release|x64.Deploy.0 = Release|iPhone
		{C2E76BC3-D46C-4466-A5B1-17554542E3D3}.Release|x86.ActiveCfg = Release|iPhone
		{C2E76BC3-D46C-4466-A5B1-17554542E3D3}.Release|x86.Build.0 = Release|iPhone
		{C2E76BC3-D46C-4466-A5B1-17554542E3D3}.Release|x86.Deploy.0 = Release|iPhone
		{9C525FA1-D429-4BCC-AC9C-D455161610F1}.Ad-Hoc|Any CPU.ActiveCfg = Release|x86
		{9C525FA1-D429-4BCC-AC9C-D455161610F1}.Ad-Hoc|Any CPU.Build.0 = Release|x86
		{9C525FA1-D429-4BCC-AC9C-D455161610F1}.Ad-Hoc|Any CPU.Deploy.0 = Release|x86
		{9C525FA1-D429-4BCC-AC9C-D455161610F1}.Ad-Hoc|ARM.ActiveCfg = Release|ARM
		{9C525FA1-D429-4BCC-AC9C-D455161610F1}.Ad-Hoc|ARM.Build.0 = Release|ARM
		{9C525FA1-D429-4BCC-AC9C-D455161610F1}.Ad-Hoc|ARM.Deploy.0 = Release|ARM
		{9C525FA1-D429-4BCC-AC9C-D455161610F1}.Ad-Hoc|iPhone.ActiveCfg = Release|x86
		{9C525FA1-D429-4BCC-AC9C-D455161610F1}.Ad-Hoc|iPhone.Build.0 = Release|x86
		{9C525FA1-D429-4BCC-AC9C-D455161610F1}.Ad-Hoc|iPhone.Deploy.0 = Release|x86
		{9C525FA1-D429-4BCC-AC9C-D455161610F1}.Ad-Hoc|iPhoneSimulator.ActiveCfg = Release|x86
		{9C525FA1-D429-4BCC-AC9C-D455161610F1}.Ad-Hoc|iPhoneSimulator.Build.0 = Release|x86
		{9C525FA1-D429-4BCC-AC9C-D455161610F1}.Ad-Hoc|iPhoneSimulator.Deploy.0 = Release|x86
		{9C525FA1-D429-4BCC-AC9C-D455161610F1}.Ad-Hoc|x64.ActiveCfg = Release|x64
		{9C525FA1-D429-4BCC-AC9C-D455161610F1}.Ad-Hoc|x64.Build.0 = Release|x64
		{9C525FA1-D429-4BCC-AC9C-D455161610F1}.Ad-Hoc|x64.Deploy.0 = Release|x64
		{9C525FA1-D429-4BCC-AC9C-D455161610F1}.Ad-Hoc|x86.ActiveCfg = Release|x86
		{9C525FA1-D429-4BCC-AC9C-D455161610F1}.Ad-Hoc|x86.Build.0 = Release|x86
		{9C525FA1-D429-4BCC-AC9C-D455161610F1}.Ad-Hoc|x86.Deploy.0 = Release|x86
		{9C525FA1-D429-4BCC-AC9C-D455161610F1}.AppStore|Any CPU.ActiveCfg = Release|x86
		{9C525FA1-D429-4BCC-AC9C-D455161610F1}.AppStore|Any CPU.Build.0 = Release|x86
		{9C525FA1-D429-4BCC-AC9C-D455161610F1}.AppStore|Any CPU.Deploy.0 = Release|x86
		{9C525FA1-D429-4BCC-AC9C-D455161610F1}.AppStore|ARM.ActiveCfg = Release|ARM
		{9C525FA1-D429-4BCC-AC9C-D455161610F1}.AppStore|ARM.Build.0 = Release|ARM
		{9C525FA1-D429-4BCC-AC9C-D455161610F1}.AppStore|ARM.Deploy.0 = Release|ARM
		{9C525FA1-D429-4BCC-AC9C-D455161610F1}.AppStore|iPhone.ActiveCfg = Release|x86
		{9C525FA1-D429-4BCC-AC9C-D455161610F1}.AppStore|iPhone.Build.0 = Release|x86
		{9C525FA1-D429-4BCC-AC9C-D455161610F1}.AppStore|iPhone.Deploy.0 = Release|x86
		{9C525FA1-D429-4BCC-AC9C-D455161610F1}.AppStore|iPhoneSimulator.ActiveCfg = Release|x86
		{9C525FA1-D429-4BCC-AC9C-D455161610F1}.AppStore|iPhoneSimulator.Build.0 = Release|x86
		{9C525FA1-D429-4BCC-AC9C-D455161610F1}.AppStore|iPhoneSimulator.Deploy.0 = Release|x86
		{9C525FA1-D429-4BCC-AC9C-D455161610F1}.AppStore|x64.ActiveCfg = Release|x64
		{9C525FA1-D429-4BCC-AC9C-D455161610F1}.AppStore|x64.Build.0 = Release|x64
		{9C525FA1-D429-4BCC-AC9C-D455161610F1}.AppStore|x64.Deploy.0 = Release|x64
		{9C525FA1-D429-4BCC-AC9C-D455161610F1}.AppStore|x86.ActiveCfg = Release|x86
		{9C525FA1-D429-4BCC-AC9C-D455161610F1}.AppStore|x86.Build.0 = Release|x86
		{9C525FA1-D429-4BCC-AC9C-D455161610F1}.AppStore|x86.Deploy.0 = Release|x86
		{9C525FA1-D429-4BCC-AC9C-D455161610F1}.Debug|Any CPU.ActiveCfg = Debug|x86
		{9C525FA1-D429-4BCC-AC9C-D455161610F1}.Debug|Any CPU.Build.0 = Debug|x86
		{9C525FA1-D429-4BCC-AC9C-D455161610F1}.Debug|Any CPU.Deploy.0 = Debug|x86
		{9C525FA1-D429-4BCC-AC9C-D455161610F1}.Debug|ARM.ActiveCfg = Debug|ARM
		{9C525FA1-D429-4BCC-AC9C-D455161610F1}.Debug|ARM.Build.0 = Debug|ARM
		{9C525FA1-D429-4BCC-AC9C-D455161610F1}.Debug|ARM.Deploy.0 = Debug|ARM
		{9C525FA1-D429-4BCC-AC9C-D455161610F1}.Debug|iPhone.ActiveCfg = Debug|x86
		{9C525FA1-D429-4BCC-AC9C-D455161610F1}.Debug|iPhone.Build.0 = Debug|x86
		{9C525FA1-D429-4BCC-AC9C-D455161610F1}.Debug|iPhone.Deploy.0 = Debug|x86
		{9C525FA1-D429-4BCC-AC9C-D455161610F1}.Debug|iPhoneSimulator.ActiveCfg = Debug|x86
		{9C525FA1-D429-4BCC-AC9C-D455161610F1}.Debug|iPhoneSimulator.Build.0 = Debug|x86
		{9C525FA1-D429-4BCC-AC9C-D455161610F1}.Debug|iPhoneSimulator.Deploy.0 = Debug|x86
		{9C525FA1-D429-4BCC-AC9C-D455161610F1}.Debug|x64.ActiveCfg = Debug|x64
		{9C525FA1-D429-4BCC-AC9C-D455161610F1}.Debug|x64.Build.0 = Debug|x64
		{9C525FA1-D429-4BCC-AC9C-D455161610F1}.Debug|x64.Deploy.0 = Debug|x64
		{9C525FA1-D429-4BCC-AC9C-D455161610F1}.Debug|x86.ActiveCfg = Debug|x86
		{9C525FA1-D429-4BCC-AC9C-D455161610F1}.Debug|x86.Build.0 = Debug|x86
		{9C525FA1-D429-4BCC-AC9C-D455161610F1}.Debug|x86.Deploy.0 = Debug|x86
		{9C525FA1-D429-4BCC-AC9C-D455161610F1}.Release|Any CPU.ActiveCfg = Release|x86
		{9C525FA1-D429-4BCC-AC9C-D455161610F1}.Release|Any CPU.Build.0 = Release|x86
		{9C525FA1-D429-4BCC-AC9C-D455161610F1}.Release|Any CPU.Deploy.0 = Release|x86
		{9C525FA1-D429-4BCC-AC9C-D455161610F1}.Release|ARM.ActiveCfg = Release|ARM
		{9C525FA1-D429-4BCC-AC9C-D455161610F1}.Release|ARM.Build.0 = Release|ARM
		{9C525FA1-D429-4BCC-AC9C-D455161610F1}.Release|ARM.Deploy.0 = Release|ARM
		{9C525FA1-D429-4BCC-AC9C-D455161610F1}.Release|iPhone.ActiveCfg = Release|x86
		{9C525FA1-D429-4BCC-AC9C-D455161610F1}.Release|iPhone.Build.0 = Release|x86
		{9C525FA1-D429-4BCC-AC9C-D455161610F1}.Release|iPhone.Deploy.0 = Release|x86
		{9C525FA1-D429-4BCC-AC9C-D455161610F1}.Release|iPhoneSimulator.ActiveCfg = Release|x86
		{9C525FA1-D429-4BCC-AC9C-D455161610F1}.Release|iPhoneSimulator.Build.0 = Release|x86
		{9C525FA1-D429-4BCC-AC9C-D455161610F1}.Release|iPhoneSimulator.Deploy.0 = Release|x86
		{9C525FA1-D429-4BCC-AC9C-D455161610F1}.Release|x64.ActiveCfg = Release|x64
		{9C525FA1-D429-4BCC-AC9C-D455161610F1}.Release|x64.Build.0 = Release|x64
		{9C525FA1-D429-4BCC-AC9C-D455161610F1}.Release|x64.Deploy.0 = Release|x64
		{9C525FA1-D429-4BCC-AC9C-D455161610F1}.Release|x86.ActiveCfg = Release|x86
		{9C525FA1-D429-4BCC-AC9C-D455161610F1}.Release|x86.Build.0 = Release|x86
		{9C525FA1-D429-4BCC-AC9C-D455161610F1}.Release|x86.Deploy.0 = Release|x86
		{A14012C2-8D98-4DDC-8BD5-EDB2E746BFAF}.Ad-Hoc|Any CPU.ActiveCfg = Debug|Any CPU
		{A14012C2-8D98-4DDC-8BD5-EDB2E746BFAF}.Ad-Hoc|Any CPU.Build.0 = Debug|Any CPU
		{A14012C2-8D98-4DDC-8BD5-EDB2E746BFAF}.Ad-Hoc|Any CPU.Deploy.0 = Debug|Any CPU
		{A14012C2-8D98-4DDC-8BD5-EDB2E746BFAF}.Ad-Hoc|ARM.ActiveCfg = Debug|Any CPU
		{A14012C2-8D98-4DDC-8BD5-EDB2E746BFAF}.Ad-Hoc|ARM.Build.0 = Debug|Any CPU
		{A14012C2-8D98-4DDC-8BD5-EDB2E746BFAF}.Ad-Hoc|ARM.Deploy.0 = Debug|Any CPU
		{A14012C2-8D98-4DDC-8BD5-EDB2E746BFAF}.Ad-Hoc|iPhone.ActiveCfg = Debug|Any CPU
		{A14012C2-8D98-4DDC-8BD5-EDB2E746BFAF}.Ad-Hoc|iPhone.Build.0 = Debug|Any CPU
		{A14012C2-8D98-4DDC-8BD5-EDB2E746BFAF}.Ad-Hoc|iPhone.Deploy.0 = Debug|Any CPU
		{A14012C2-8D98-4DDC-8BD5-EDB2E746BFAF}.Ad-Hoc|iPhoneSimulator.ActiveCfg = Debug|Any CPU
		{A14012C2-8D98-4DDC-8BD5-EDB2E746BFAF}.Ad-Hoc|iPhoneSimulator.Build.0 = Debug|Any CPU
		{A14012C2-8D98-4DDC-8BD5-EDB2E746BFAF}.Ad-Hoc|iPhoneSimulator.Deploy.0 = Debug|Any CPU
		{A14012C2-8D98-4DDC-8BD5-EDB2E746BFAF}.Ad-Hoc|x64.ActiveCfg = Debug|Any CPU
		{A14012C2-8D98-4DDC-8BD5-EDB2E746BFAF}.Ad-Hoc|x64.Build.0 = Debug|Any CPU
		{A14012C2-8D98-4DDC-8BD5-EDB2E746BFAF}.Ad-Hoc|x64.Deploy.0 = Debug|Any CPU
		{A14012C2-8D98-4DDC-8BD5-EDB2E746BFAF}.Ad-Hoc|x86.ActiveCfg = Debug|Any CPU
		{A14012C2-8D98-4DDC-8BD5-EDB2E746BFAF}.Ad-Hoc|x86.Build.0 = Debug|Any CPU
		{A14012C2-8D98-4DDC-8BD5-EDB2E746BFAF}.Ad-Hoc|x86.Deploy.0 = Debug|Any CPU
		{A14012C2-8D98-4DDC-8BD5-EDB2E746BFAF}.AppStore|Any CPU.ActiveCfg = Debug|Any CPU
		{A14012C2-8D98-4DDC-8BD5-EDB2E746BFAF}.AppStore|Any CPU.Build.0 = Debug|Any CPU
		{A14012C2-8D98-4DDC-8BD5-EDB2E746BFAF}.AppStore|Any CPU.Deploy.0 = Debug|Any CPU
		{A14012C2-8D98-4DDC-8BD5-EDB2E746BFAF}.AppStore|ARM.ActiveCfg = Debug|Any CPU
		{A14012C2-8D98-4DDC-8BD5-EDB2E746BFAF}.AppStore|ARM.Build.0 = Debug|Any CPU
		{A14012C2-8D98-4DDC-8BD5-EDB2E746BFAF}.AppStore|ARM.Deploy.0 = Debug|Any CPU
		{A14012C2-8D98-4DDC-8BD5-EDB2E746BFAF}.AppStore|iPhone.ActiveCfg = Debug|Any CPU
		{A14012C2-8D98-4DDC-8BD5-EDB2E746BFAF}.AppStore|iPhone.Build.0 = Debug|Any CPU
		{A14012C2-8D98-4DDC-8BD5-EDB2E746BFAF}.AppStore|iPhone.Deploy.0 = Debug|Any CPU
		{A14012C2-8D98-4DDC-8BD5-EDB2E746BFAF}.AppStore|iPhoneSimulator.ActiveCfg = Debug|Any CPU
		{A14012C2-8D98-4DDC-8BD5-EDB2E746BFAF}.AppStore|iPhoneSimulator.Build.0 = Debug|Any CPU
		{A14012C2-8D98-4DDC-8BD5-EDB2E746BFAF}.AppStore|iPhoneSimulator.Deploy.0 = Debug|Any CPU
		{A14012C2-8D98-4DDC-8BD5-EDB2E746BFAF}.AppStore|x64.ActiveCfg = Debug|Any CPU
		{A14012C2-8D98-4DDC-8BD5-EDB2E746BFAF}.AppStore|x64.Build.0 = Debug|Any CPU
		{A14012C2-8D98-4DDC-8BD5-EDB2E746BFAF}.AppStore|x64.Deploy.0 = Debug|Any CPU
		{A14012C2-8D98-4DDC-8BD5-EDB2E746BFAF}.AppStore|x86.ActiveCfg = Debug|Any CPU
		{A14012C2-8D98-4DDC-8BD5-EDB2E746BFAF}.AppStore|x86.Build.0 = Debug|Any CPU
		{A14012C2-8D98-4DDC-8BD5-EDB2E746BFAF}.AppStore|x86.Deploy.0 = Debug|Any CPU
		{A14012C2-8D98-4DDC-8BD5-EDB2E746BFAF}.Debug|Any CPU.ActiveCfg = Debug|Any CPU
		{A14012C2-8D98-4DDC-8BD5-EDB2E746BFAF}.Debug|Any CPU.Build.0 = Debug|Any CPU
		{A14012C2-8D98-4DDC-8BD5-EDB2E746BFAF}.Debug|Any CPU.Deploy.0 = Debug|Any CPU
		{A14012C2-8D98-4DDC-8BD5-EDB2E746BFAF}.Debug|ARM.ActiveCfg = Debug|Any CPU
		{A14012C2-8D98-4DDC-8BD5-EDB2E746BFAF}.Debug|ARM.Build.0 = Debug|Any CPU
		{A14012C2-8D98-4DDC-8BD5-EDB2E746BFAF}.Debug|ARM.Deploy.0 = Debug|Any CPU
		{A14012C2-8D98-4DDC-8BD5-EDB2E746BFAF}.Debug|iPhone.ActiveCfg = Debug|Any CPU
		{A14012C2-8D98-4DDC-8BD5-EDB2E746BFAF}.Debug|iPhone.Build.0 = Debug|Any CPU
		{A14012C2-8D98-4DDC-8BD5-EDB2E746BFAF}.Debug|iPhone.Deploy.0 = Debug|Any CPU
		{A14012C2-8D98-4DDC-8BD5-EDB2E746BFAF}.Debug|iPhoneSimulator.ActiveCfg = Debug|Any CPU
		{A14012C2-8D98-4DDC-8BD5-EDB2E746BFAF}.Debug|iPhoneSimulator.Build.0 = Debug|Any CPU
		{A14012C2-8D98-4DDC-8BD5-EDB2E746BFAF}.Debug|iPhoneSimulator.Deploy.0 = Debug|Any CPU
		{A14012C2-8D98-4DDC-8BD5-EDB2E746BFAF}.Debug|x64.ActiveCfg = Debug|Any CPU
		{A14012C2-8D98-4DDC-8BD5-EDB2E746BFAF}.Debug|x64.Build.0 = Debug|Any CPU
		{A14012C2-8D98-4DDC-8BD5-EDB2E746BFAF}.Debug|x64.Deploy.0 = Debug|Any CPU
		{A14012C2-8D98-4DDC-8BD5-EDB2E746BFAF}.Debug|x86.ActiveCfg = Debug|Any CPU
		{A14012C2-8D98-4DDC-8BD5-EDB2E746BFAF}.Debug|x86.Build.0 = Debug|Any CPU
		{A14012C2-8D98-4DDC-8BD5-EDB2E746BFAF}.Debug|x86.Deploy.0 = Debug|Any CPU
		{A14012C2-8D98-4DDC-8BD5-EDB2E746BFAF}.Release|Any CPU.ActiveCfg = Release|Any CPU
		{A14012C2-8D98-4DDC-8BD5-EDB2E746BFAF}.Release|Any CPU.Build.0 = Release|Any CPU
		{A14012C2-8D98-4DDC-8BD5-EDB2E746BFAF}.Release|Any CPU.Deploy.0 = Release|Any CPU
		{A14012C2-8D98-4DDC-8BD5-EDB2E746BFAF}.Release|ARM.ActiveCfg = Release|Any CPU
		{A14012C2-8D98-4DDC-8BD5-EDB2E746BFAF}.Release|ARM.Build.0 = Release|Any CPU
		{A14012C2-8D98-4DDC-8BD5-EDB2E746BFAF}.Release|ARM.Deploy.0 = Release|Any CPU
		{A14012C2-8D98-4DDC-8BD5-EDB2E746BFAF}.Release|iPhone.ActiveCfg = Release|Any CPU
		{A14012C2-8D98-4DDC-8BD5-EDB2E746BFAF}.Release|iPhone.Build.0 = Release|Any CPU
		{A14012C2-8D98-4DDC-8BD5-EDB2E746BFAF}.Release|iPhone.Deploy.0 = Release|Any CPU
		{A14012C2-8D98-4DDC-8BD5-EDB2E746BFAF}.Release|iPhoneSimulator.ActiveCfg = Release|Any CPU
		{A14012C2-8D98-4DDC-8BD5-EDB2E746BFAF}.Release|iPhoneSimulator.Build.0 = Release|Any CPU
		{A14012C2-8D98-4DDC-8BD5-EDB2E746BFAF}.Release|iPhoneSimulator.Deploy.0 = Release|Any CPU
		{A14012C2-8D98-4DDC-8BD5-EDB2E746BFAF}.Release|x64.ActiveCfg = Release|Any CPU
		{A14012C2-8D98-4DDC-8BD5-EDB2E746BFAF}.Release|x64.Build.0 = Release|Any CPU
		{A14012C2-8D98-4DDC-8BD5-EDB2E746BFAF}.Release|x64.Deploy.0 = Release|Any CPU
		{A14012C2-8D98-4DDC-8BD5-EDB2E746BFAF}.Release|x86.ActiveCfg = Release|Any CPU
		{A14012C2-8D98-4DDC-8BD5-EDB2E746BFAF}.Release|x86.Build.0 = Release|Any CPU
		{A14012C2-8D98-4DDC-8BD5-EDB2E746BFAF}.Release|x86.Deploy.0 = Release|Any CPU
		{614C419F-3F52-4156-9467-BADEF827B64F}.Ad-Hoc|Any CPU.ActiveCfg = Debug|Any CPU
		{614C419F-3F52-4156-9467-BADEF827B64F}.Ad-Hoc|Any CPU.Build.0 = Debug|Any CPU
		{614C419F-3F52-4156-9467-BADEF827B64F}.Ad-Hoc|ARM.ActiveCfg = Debug|Any CPU
		{614C419F-3F52-4156-9467-BADEF827B64F}.Ad-Hoc|ARM.Build.0 = Debug|Any CPU
		{614C419F-3F52-4156-9467-BADEF827B64F}.Ad-Hoc|iPhone.ActiveCfg = Debug|Any CPU
		{614C419F-3F52-4156-9467-BADEF827B64F}.Ad-Hoc|iPhone.Build.0 = Debug|Any CPU
		{614C419F-3F52-4156-9467-BADEF827B64F}.Ad-Hoc|iPhoneSimulator.ActiveCfg = Debug|Any CPU
		{614C419F-3F52-4156-9467-BADEF827B64F}.Ad-Hoc|iPhoneSimulator.Build.0 = Debug|Any CPU
		{614C419F-3F52-4156-9467-BADEF827B64F}.Ad-Hoc|x64.ActiveCfg = Debug|Any CPU
		{614C419F-3F52-4156-9467-BADEF827B64F}.Ad-Hoc|x64.Build.0 = Debug|Any CPU
		{614C419F-3F52-4156-9467-BADEF827B64F}.Ad-Hoc|x86.ActiveCfg = Debug|Any CPU
		{614C419F-3F52-4156-9467-BADEF827B64F}.Ad-Hoc|x86.Build.0 = Debug|Any CPU
		{614C419F-3F52-4156-9467-BADEF827B64F}.AppStore|Any CPU.ActiveCfg = Debug|Any CPU
		{614C419F-3F52-4156-9467-BADEF827B64F}.AppStore|Any CPU.Build.0 = Debug|Any CPU
		{614C419F-3F52-4156-9467-BADEF827B64F}.AppStore|ARM.ActiveCfg = Debug|Any CPU
		{614C419F-3F52-4156-9467-BADEF827B64F}.AppStore|ARM.Build.0 = Debug|Any CPU
		{614C419F-3F52-4156-9467-BADEF827B64F}.AppStore|iPhone.ActiveCfg = Debug|Any CPU
		{614C419F-3F52-4156-9467-BADEF827B64F}.AppStore|iPhone.Build.0 = Debug|Any CPU
		{614C419F-3F52-4156-9467-BADEF827B64F}.AppStore|iPhoneSimulator.ActiveCfg = Debug|Any CPU
		{614C419F-3F52-4156-9467-BADEF827B64F}.AppStore|iPhoneSimulator.Build.0 = Debug|Any CPU
		{614C419F-3F52-4156-9467-BADEF827B64F}.AppStore|x64.ActiveCfg = Debug|Any CPU
		{614C419F-3F52-4156-9467-BADEF827B64F}.AppStore|x64.Build.0 = Debug|Any CPU
		{614C419F-3F52-4156-9467-BADEF827B64F}.AppStore|x86.ActiveCfg = Debug|Any CPU
		{614C419F-3F52-4156-9467-BADEF827B64F}.AppStore|x86.Build.0 = Debug|Any CPU
		{614C419F-3F52-4156-9467-BADEF827B64F}.Debug|Any CPU.ActiveCfg = Debug|Any CPU
		{614C419F-3F52-4156-9467-BADEF827B64F}.Debug|Any CPU.Build.0 = Debug|Any CPU
		{614C419F-3F52-4156-9467-BADEF827B64F}.Debug|ARM.ActiveCfg = Debug|Any CPU
		{614C419F-3F52-4156-9467-BADEF827B64F}.Debug|ARM.Build.0 = Debug|Any CPU
		{614C419F-3F52-4156-9467-BADEF827B64F}.Debug|iPhone.ActiveCfg = Debug|Any CPU
		{614C419F-3F52-4156-9467-BADEF827B64F}.Debug|iPhone.Build.0 = Debug|Any CPU
		{614C419F-3F52-4156-9467-BADEF827B64F}.Debug|iPhoneSimulator.ActiveCfg = Debug|Any CPU
		{614C419F-3F52-4156-9467-BADEF827B64F}.Debug|iPhoneSimulator.Build.0 = Debug|Any CPU
		{614C419F-3F52-4156-9467-BADEF827B64F}.Debug|x64.ActiveCfg = Debug|Any CPU
		{614C419F-3F52-4156-9467-BADEF827B64F}.Debug|x64.Build.0 = Debug|Any CPU
		{614C419F-3F52-4156-9467-BADEF827B64F}.Debug|x86.ActiveCfg = Debug|Any CPU
		{614C419F-3F52-4156-9467-BADEF827B64F}.Debug|x86.Build.0 = Debug|Any CPU
		{614C419F-3F52-4156-9467-BADEF827B64F}.Release|Any CPU.ActiveCfg = Release|Any CPU
		{614C419F-3F52-4156-9467-BADEF827B64F}.Release|Any CPU.Build.0 = Release|Any CPU
		{614C419F-3F52-4156-9467-BADEF827B64F}.Release|ARM.ActiveCfg = Release|Any CPU
		{614C419F-3F52-4156-9467-BADEF827B64F}.Release|ARM.Build.0 = Release|Any CPU
		{614C419F-3F52-4156-9467-BADEF827B64F}.Release|iPhone.ActiveCfg = Release|Any CPU
		{614C419F-3F52-4156-9467-BADEF827B64F}.Release|iPhone.Build.0 = Release|Any CPU
		{614C419F-3F52-4156-9467-BADEF827B64F}.Release|iPhoneSimulator.ActiveCfg = Release|Any CPU
		{614C419F-3F52-4156-9467-BADEF827B64F}.Release|iPhoneSimulator.Build.0 = Release|Any CPU
		{614C419F-3F52-4156-9467-BADEF827B64F}.Release|x64.ActiveCfg = Release|Any CPU
		{614C419F-3F52-4156-9467-BADEF827B64F}.Release|x64.Build.0 = Release|Any CPU
		{614C419F-3F52-4156-9467-BADEF827B64F}.Release|x86.ActiveCfg = Release|Any CPU
		{614C419F-3F52-4156-9467-BADEF827B64F}.Release|x86.Build.0 = Release|Any CPU
	EndGlobalSection
	GlobalSection(SolutionProperties) = preSolution
		HideSolutionNode = FALSE
	EndGlobalSection
	GlobalSection(ExtensibilityGlobals) = postSolution
		SolutionGuid = {BE3E3498-6BF2-4AFB-9114-599A84A27C2D}
	EndGlobalSection
EndGlobal
